[[package]]
name = "pyside6"
version = "6.2.0"
description = "Python bindings for the Qt cross-platform application and UI framework"
category = "main"
optional = false
python-versions = ">=3.6, <3.11"

[package.dependencies]
shiboken6 = "6.2.0"

[[package]]
name = "shiboken6"
version = "6.2.0"
description = "Python / C++ bindings helper module"
category = "main"
optional = false
python-versions = ">=3.6, <3.11"

[metadata]
lock-version = "1.1"
python-versions = ">=3.6, <3.10" # bending for PySide6 requirements
content-hash = "b0abee25809c750e2d0f7ba5ddf7b83ce4e4d9eeeb6722b8db46611a4298f4d7"

[metadata.files]
pyside6 = [
    {file = "PySide6-6.2.0-6.2.0-cp36.cp37.cp38.cp39.cp310-abi3-macosx_10_14_x86_64.whl", hash = "sha256:57c039dc188dd5465c8a605ffa364748ae397894ac18f6df2655252ad015c97b"},
    {file = "PySide6-6.2.0-6.2.0-cp36.cp37.cp38.cp39.cp310-abi3-manylinux1_x86_64.whl", hash = "sha256:f1b3c2992a3edbadb8b40734870ca6d6bd51b6f1678a7ec91839fad1fd0dbc91"},
    {file = "PySide6-6.2.0-6.2.0-cp36.cp37.cp38.cp39.cp310-none-win_amd64.whl", hash = "sha256:e8d0427d7b20ec53c08a01f2563934b4342e78b87ed7e01596e147b18590b5c8"},
]
shiboken6 = [
    {file = "shiboken6-6.2.0-6.2.0-cp36.cp37.cp38.cp39.cp310-abi3-macosx_10_14_x86_64.whl", hash = "sha256:8ccd10c9e21cb6e1e9135f706ea988c41494f7282cb869f5b2069b8142742865"},
    {file = "shiboken6-6.2.0-6.2.0-cp36.cp37.cp38.cp39.cp310-abi3-manylinux1_x86_64.whl", hash = "sha256:dce3b434d5d1be50b8920799647bbb2346dfd9331bf922425128085020097cb8"},
    {file = "shiboken6-6.2.0-6.2.0-cp36.cp37.cp38.cp39.cp310-none-win_amd64.whl", hash = "sha256:44d32913baf698265f48a4d1072224ef6503bc49911b44dcfb48b103310ad643"},
]
