[[package]]
name = "pyside2"
version = "5.13.2"
description = "Python bindings for the Qt cross-platform application and UI framework"
category = "main"
optional = false
python-versions = "*"

[package.dependencies]
shiboken2 = "5.13.2"

[[package]]
name = "shiboken2"
version = "5.13.2"
description = "Python / C++ bindings helper module"
category = "main"
optional = false
python-versions = "*"

[metadata]
lock-version = "1.1"
python-versions = ">=3.7"
content-hash = "ddecda41c431f7c247c7602a1b266bda39a626e2aa31ec10c58f41c9cee0aedf"

[metadata.files]
pyside2 = [
    {file = "PySide2-5.13.2-5.13.2-cp27-cp27m-macosx_10_12_intel.whl", hash = "sha256:ede8ed6e7021232184829d16614eb153f188ea250862304eac35e04b2bd0120c"},
    {file = "PySide2-5.13.2-5.13.2-cp27-cp27mu-manylinux1_x86_64.whl", hash = "sha256:63cc845434388b398b79b65f7b5312b9b5348fbc772d84092c9245efbf341197"},
    {file = "PySide2-5.13.2-5.13.2-cp35.cp36.cp37-abi3-macosx_10_12_intel.whl", hash = "sha256:ed6d22c7a3a99f480d4c9348bcced97ef7bc0c9d353ad3665ae705e8eb61feb5"},
    {file = "PySide2-5.13.2-5.13.2-cp35.cp36.cp37-abi3-manylinux1_x86_64.whl", hash = "sha256:7c57fe60ed57a3a8b95d9163abca9caa803a1470f29b40bff8ef4103b97a96c8"},
    {file = "PySide2-5.13.2-5.13.2-cp35.cp36.cp37-none-win32.whl", hash = "sha256:7c61a6883f3474939097b9dabc80f028887046be003ce416da1b3565a08d1f92"},
    {file = "PySide2-5.13.2-5.13.2-cp35.cp36.cp37-none-win_amd64.whl", hash = "sha256:589b90944c24046d31bf76694590a600d59d20130015086491b793a81753629a"},
]
shiboken2 = [
    {file = "shiboken2-5.13.2-5.13.2-cp27-cp27m-macosx_10_12_intel.whl", hash = "sha256:7c766c4160636a238e0e4430e2f40b504b13bcc4951902eb78cd5c971f26c898"},
    {file = "shiboken2-5.13.2-5.13.2-cp27-cp27mu-manylinux1_x86_64.whl", hash = "sha256:e6543506cb353d417961b9ec3c6fc726ec2f72eeab609dc88943c2e5cb6d6408"},
    {file = "shiboken2-5.13.2-5.13.2-cp35.cp36.cp37-abi3-macosx_10_12_intel.whl", hash = "sha256:ca08a3c95b1b20ac2b243b7b06379609bd73929dbc27b28c01415feffe3bcea1"},
    {file = "shiboken2-5.13.2-5.13.2-cp35.cp36.cp37-abi3-manylinux1_x86_64.whl", hash = "sha256:81fa9b288c6c4b4c91220fcca2002eadb48fc5c3238e8bd88e982e00ffa77c53"},
    {file = "shiboken2-5.13.2-5.13.2-cp35.cp36.cp37-none-win32.whl", hash = "sha256:e2f72b5cfdb8b48bdb55bda4b42ec7d36d1bce0be73d6d7d4a358225d6fb5f25"},
    {file = "shiboken2-5.13.2-5.13.2-cp35.cp36.cp37-none-win_amd64.whl", hash = "sha256:5e84a4b4e7ab08bb5db0a8168e5d0316fbf3c25b788012701a82079faadfb19b"},
]
