# This file is automatically @generated by Poetry 1.6.1 and should not be changed by hand.

[[package]]
name = "pyside6"
version = "6.6.2"
description = "Python bindings for the Qt cross-platform application and UI framework"
optional = false
python-versions = "<3.13,>=3.8"
files = [
    {file = "PySide6-6.6.2-cp38-abi3-macosx_11_0_universal2.whl", hash = "sha256:5bdaa27d1a921c35764d82a2ec86943488c818cb33b9e16b2784d539b45f6171"},
    {file = "PySide6-6.6.2-cp38-abi3-manylinux_2_28_x86_64.whl", hash = "sha256:3b6266fb29bab66526f2bbab2a6610f9f47a4df42ae6fb3713cd8329f593a561"},
    {file = "PySide6-6.6.2-cp38-abi3-manylinux_2_31_aarch64.whl", hash = "sha256:a8200b2a1f02e42adfd1f41bc60d52d157398778b6ba232d46ad7402bc6f91ec"},
    {file = "PySide6-6.6.2-cp38-abi3-win_amd64.whl", hash = "sha256:e359ebccd3f90fba85ebd5b93bdeadfa9e5d2fd06b3b5e8985aa5da50ca6243b"},
]

[package.dependencies]
PySide6-Addons = "6.6.2"
PySide6-Essentials = "6.6.2"
shiboken6 = "6.6.2"

[[package]]
name = "pyside6-addons"
version = "6.6.2"
description = "Python bindings for the Qt cross-platform application and UI framework (Addons)"
optional = false
python-versions = "<3.13,>=3.8"
files = [
    {file = "PySide6_Addons-6.6.2-cp38-abi3-macosx_11_0_universal2.whl", hash = "sha256:4fb00bc98bc8335177eaa8f6d70ba687ab9bf00b3ee343abbc7156040f3e586d"},
    {file = "PySide6_Addons-6.6.2-cp38-abi3-manylinux_2_28_x86_64.whl", hash = "sha256:cbdb7393de88a916ed1e9bd8407149f911717d1e06aee04119e26042679d8cce"},
    {file = "PySide6_Addons-6.6.2-cp38-abi3-manylinux_2_31_aarch64.whl", hash = "sha256:90f20dcf2caf69307e20d3d682cbe2b1a38e7ddb1f50f4f0e3ae4306219f8883"},
    {file = "PySide6_Addons-6.6.2-cp38-abi3-win_amd64.whl", hash = "sha256:748151fb49d5fe760b7cf6c88c4ec851e68d66a119939567407115948bf8a08f"},
]

[package.dependencies]
PySide6-Essentials = "6.6.2"
shiboken6 = "6.6.2"

[[package]]
name = "pyside6-essentials"
version = "6.6.2"
description = "Python bindings for the Qt cross-platform application and UI framework (Essentials)"
optional = false
python-versions = "<3.13,>=3.8"
files = [
    {file = "PySide6_Essentials-6.6.2-cp38-abi3-macosx_11_0_universal2.whl", hash = "sha256:41373f9b8fd17bb39a7dc7da85168508fe288955a17117c2e993339f387b23c1"},
    {file = "PySide6_Essentials-6.6.2-cp38-abi3-manylinux_2_28_x86_64.whl", hash = "sha256:90be2cf1a404f1c62777ccc6898895c864376f1fd68ae9f82f7622522bce5814"},
    {file = "PySide6_Essentials-6.6.2-cp38-abi3-manylinux_2_31_aarch64.whl", hash = "sha256:11496a322138eab4579c3683d2e3afebb41435412d4109394cb2b9ddaac66fe3"},
    {file = "PySide6_Essentials-6.6.2-cp38-abi3-win_amd64.whl", hash = "sha256:030a0565ad2d6361ed8be7826f81fe3dbb7a98330837687608e75cbede5f0ca2"},
]

[package.dependencies]
shiboken6 = "6.6.2"

[[package]]
name = "shiboken6"
version = "6.6.2"
description = "Python/C++ bindings helper module"
optional = false
python-versions = "<3.13,>=3.8"
files = [
    {file = "shiboken6-6.6.2-cp38-abi3-macosx_11_0_universal2.whl", hash = "sha256:531728324ad3ad4ed7b1d85d2dff548d618182d67024e16e84079f7db104590d"},
    {file = "shiboken6-6.6.2-cp38-abi3-manylinux_2_28_x86_64.whl", hash = "sha256:9da86622cee5e7201bafe9c5beee3c06d9168c6b8f3e2fac52c1b7df00956bff"},
    {file = "shiboken6-6.6.2-cp38-abi3-manylinux_2_31_aarch64.whl", hash = "sha256:60dbad15901ad6fff6e198d8668091bbb2f20b82729412e5fd4d47ac86c97d42"},
    {file = "shiboken6-6.6.2-cp38-abi3-win_amd64.whl", hash = "sha256:d4e99e7d1137a7d2c665a465b80baf820829dfba5fe474549d49b0ef81b0abf2"},
]

[metadata]
lock-version = "2.0"
python-versions = ">=3.8,<3.13"
content-hash = "ba60626c1327a09d3208e861e42ee262fb7044ae93fea0eaf9cf5ded868eabb7"
